PODS:
  - AppMetricaAdSupport (6.5.1):
    - AppMetricaCore (= 6.5.1)
    - AppMetricaCoreExtension (= 6.5.1)
  - AppMetricaCore (6.5.1):
    - AppMetricaCoreUtils (= 6.5.1)
    - AppMetricaEncodingUtils (= 6.5.1)
    - AppMetricaFMDB (= 6.5.1)
    - AppMetricaHostState (= 6.5.1)
    - AppMetricaIdentifiers (= 6.5.1)
    - AppMetricaKeychain (= 6.5.1)
    - AppMetricaLog (= 6.5.1)
    - AppMetricaNetwork (= 6.5.1)
    - AppMetricaPlatform (= 6.5.1)
    - AppMetricaProtobuf (= 6.5.1)
    - AppMetricaProtobufUtils (= 6.5.1)
    - AppMetricaStorageUtils (= 6.5.1)
  - AppMetricaCoreExtension (6.5.1):
    - AppMetricaCore (= 6.5.1)
    - AppMetricaStorageUtils (= 6.5.1)
  - AppMetricaCoreUtils (6.5.1):
    - AppMetricaLog (= 6.5.1)
  - AppMetricaCrashes (6.5.1):
    - AppMetricaCore (= 6.5.1)
    - AppMetricaCoreExtension (= 6.5.1)
    - AppMetricaCoreUtils (= 6.5.1)
    - AppMetricaEncodingUtils (= 6.5.1)
    - AppMetricaHostState (= 6.5.1)
    - AppMetricaLog (= 6.5.1)
    - AppMetricaPlatform (= 6.5.1)
    - AppMetricaProtobufUtils (= 6.5.1)
    - AppMetricaStorageUtils (= 6.5.1)
    - KSCrash/Recording (< 2.6.0, >= 2.5.1)
  - AppMetricaEncodingUtils (6.5.1):
    - AppMetricaCoreUtils (= 6.5.1)
    - AppMetricaLog (= 6.5.1)
    - AppMetricaPlatform (= 6.5.1)
  - AppMetricaFMDB (6.5.1)
  - AppMetricaHostState (6.5.1):
    - AppMetricaCoreUtils (= 6.5.1)
    - AppMetricaLog (= 6.5.1)
  - AppMetricaIdentifiers (6.5.1):
    - AppMetricaKeychain (= 6.5.1)
    - AppMetricaLogSwift (= 6.5.1)
    - AppMetricaPlatform (= 6.5.1)
    - AppMetricaStorageUtils (= 6.5.1)
    - AppMetricaSynchronization (= 6.5.1)
  - AppMetricaIDSync (6.5.1):
    - AppMetricaCore (= 6.5.1)
    - AppMetricaCoreExtension (= 6.5.1)
    - AppMetricaCoreUtils (= 6.5.1)
    - AppMetricaLog (= 6.5.1)
    - AppMetricaNetwork (= 6.5.1)
    - AppMetricaPlatform (= 6.5.1)
    - AppMetricaStorageUtils (= 6.5.1)
  - AppMetricaKeychain (6.5.1):
    - AppMetricaCoreUtils (= 6.5.1)
    - AppMetricaLog (= 6.5.1)
    - AppMetricaStorageUtils (= 6.5.1)
  - AppMetricaLibraryAdapter (6.5.1):
    - AppMetricaCore (= 6.5.1)
    - AppMetricaCoreExtension (= 6.5.1)
  - AppMetricaLog (6.5.1)
  - AppMetricaLogSwift (6.5.1):
    - AppMetricaLog (= 6.5.1)
  - AppMetricaNetwork (6.5.1):
    - AppMetricaCoreUtils (= 6.5.1)
    - AppMetricaLog (= 6.5.1)
    - AppMetricaPlatform (= 6.5.1)
  - AppMetricaPlatform (6.5.1):
    - AppMetricaCoreUtils (= 6.5.1)
    - AppMetricaLog (= 6.5.1)
  - AppMetricaProtobuf (6.5.1)
  - AppMetricaProtobufUtils (6.5.1):
    - AppMetricaProtobuf (= 6.5.1)
  - AppMetricaStorageUtils (6.5.1):
    - AppMetricaCoreUtils (= 6.5.1)
    - AppMetricaLog (= 6.5.1)
  - AppMetricaSynchronization (6.5.1):
    - AppMetricaLogSwift (= 6.5.1)
  - Flutter (1.0.0)
  - google_mlkit_commons (0.12.0):
    - Flutter
    - MLKitVision (~> 10.0.0)
  - google_mlkit_image_labeling (0.15.0):
    - Flutter
    - google_mlkit_commons
    - GoogleMLKit/ImageLabeling (~> 9.0.0)
    - GoogleMLKit/ImageLabelingCustom (~> 9.0.0)
  - google_mlkit_text_recognition (0.16.0):
    - Flutter
    - google_mlkit_commons
    - GoogleMLKit/TextRecognition (~> 9.0.0)
  - GoogleDataTransport (10.1.0):
    - nanopb (~> 3.30910.0)
    - PromisesObjC (~> 2.4)
  - GoogleMLKit/ImageLabeling (9.0.0):
    - GoogleMLKit/MLKitCore
    - MLKitImageLabeling (~> 8.0.0)
  - GoogleMLKit/ImageLabelingCustom (9.0.0):
    - GoogleMLKit/MLKitCore
    - MLKitImageLabelingCustom (~> 8.0.0)
  - GoogleMLKit/MLKitCore (9.0.0):
    - MLKitCommon (~> 14.0.0)
  - GoogleMLKit/TextRecognition (9.0.0):
    - GoogleMLKit/MLKitCore
    - MLKitTextRecognition (~> 7.0.0)
  - GoogleToolboxForMac/Defines (4.2.1)
  - GoogleToolboxForMac/Logger (4.2.1):
    - GoogleToolboxForMac/Defines (= 4.2.1)
  - "GoogleToolboxForMac/NSData+zlib (4.2.1)":
    - GoogleToolboxForMac/Defines (= 4.2.1)
  - GoogleUtilities/Environment (8.1.0):
    - GoogleUtilities/Privacy
  - GoogleUtilities/Logger (8.1.0):
    - GoogleUtilities/Environment
    - GoogleUtilities/Privacy
  - GoogleUtilities/Privacy (8.1.0)
  - GoogleUtilities/UserDefaults (8.1.0):
    - GoogleUtilities/Logger
    - GoogleUtilities/Privacy
  - GTMSessionFetcher/Core (3.5.0)
  - image_picker_ios (0.0.1):
    - Flutter
  - KSCrash/Core (2.5.1)
  - KSCrash/Recording (2.5.1):
    - KSCrash/RecordingCore
  - KSCrash/RecordingCore (2.5.1):
    - KSCrash/Core
  - MLImage (1.0.0-beta8)
  - MLKitCommon (14.0.0):
    - GoogleDataTransport (~> 10.0)
    - GoogleToolboxForMac/Logger (< 5.0, >= 4.2.1)
    - "GoogleToolboxForMac/NSData+zlib (< 5.0, >= 4.2.1)"
    - GoogleUtilities/Logger (~> 8.0)
    - GoogleUtilities/UserDefaults (~> 8.0)
    - GTMSessionFetcher/Core (< 4.0, >= 3.3.2)
  - MLKitImageLabeling (8.0.0):
    - MLKitCommon (~> 14.0)
    - MLKitImageLabelingCommon (~> 10.0)
    - MLKitVision (~> 10.0)
    - MLKitVisionKit (~> 11.0)
  - MLKitImageLabelingCommon (10.0.0):
    - MLKitCommon (~> 14.0)
    - MLKitVision (~> 10.0)
  - MLKitImageLabelingCustom (8.0.0):
    - MLKitCommon (~> 14.0)
    - MLKitImageLabelingCommon (~> 10.0)
    - MLKitVision (~> 10.0)
    - MLKitVisionKit (~> 11.0)
  - MLKitObjectDetectionCommon (10.0.0):
    - MLKitCommon (~> 14.0)
    - MLKitVision (~> 10.0)
  - MLKitTextRecognition (7.0.0):
    - MLKitCommon (~> 14.0)
    - MLKitTextRecognitionCommon (= 6.0.0)
    - MLKitVision (~> 10.0)
  - MLKitTextRecognitionCommon (6.0.0):
    - MLKitCommon (~> 14.0)
    - MLKitVision (~> 10.0)
  - MLKitVision (10.0.0):
    - GoogleToolboxForMac/Logger (< 5.0, >= 4.2.1)
    - "GoogleToolboxForMac/NSData+zlib (< 5.0, >= 4.2.1)"
    - GTMSessionFetcher/Core (< 4.0, >= 3.3.2)
    - MLImage (= 1.0.0-beta8)
    - MLKitCommon (~> 14.0)
  - MLKitVisionKit (11.0.0):
    - MLKitCommon (~> 14.0)
    - MLKitImageLabelingCommon (~> 10.0)
    - MLKitObjectDetectionCommon (~> 10.0)
    - MLKitVision (~> 10.0)
  - nanopb (3.30910.0):
    - nanopb/decode (= 3.30910.0)
    - nanopb/encode (= 3.30910.0)
  - nanopb/decode (3.30910.0)
  - nanopb/encode (3.30910.0)
  - path_provider_foundation (0.0.1):
    - Flutter
    - FlutterMacOS
  - PromisesObjC (2.4.0)
  - yandex_mobileads (8.3.0):
    - Flutter
    - YandexMobileAds (~> 8.3.0)
  - YandexMobileAds (8.3.0):
    - AppMetricaAdSupport (~> 6.5.0)
    - AppMetricaCore (~> 6.5.0)
    - AppMetricaCrashes (~> 6.5.0)
    - AppMetricaIDSync (~> 6.5.0)
    - AppMetricaLibraryAdapter (~> 6.5.0)

DEPENDENCIES:
  - Flutter (from `Flutter`)
  - google_mlkit_commons (from `.symlinks/plugins/google_mlkit_commons/ios`)
  - google_mlkit_image_labeling (from `.symlinks/plugins/google_mlkit_image_labeling/ios`)
  - google_mlkit_text_recognition (from `.symlinks/plugins/google_mlkit_text_recognition/ios`)
  - image_picker_ios (from `.symlinks/plugins/image_picker_ios/ios`)
  - path_provider_foundation (from `.symlinks/plugins/path_provider_foundation/darwin`)
  - yandex_mobileads (from `.symlinks/plugins/yandex_mobileads/ios`)

SPEC REPOS:
  trunk:
    - AppMetricaAdSupport
    - AppMetricaCore
    - AppMetricaCoreExtension
    - AppMetricaCoreUtils
    - AppMetricaCrashes
    - AppMetricaEncodingUtils
    - AppMetricaFMDB
    - AppMetricaHostState
    - AppMetricaIdentifiers
    - AppMetricaIDSync
    - AppMetricaKeychain
    - AppMetricaLibraryAdapter
    - AppMetricaLog
    - AppMetricaLogSwift
    - AppMetricaNetwork
    - AppMetricaPlatform
    - AppMetricaProtobuf
    - AppMetricaProtobufUtils
    - AppMetricaStorageUtils
    - AppMetricaSynchronization
    - GoogleDataTransport
    - GoogleMLKit
    - GoogleToolboxForMac
    - GoogleUtilities
    - GTMSessionFetcher
    - KSCrash
    - MLImage
    - MLKitCommon
    - MLKitImageLabeling
    - MLKitImageLabelingCommon
    - MLKitImageLabelingCustom
    - MLKitObjectDetectionCommon
    - MLKitTextRecognition
    - MLKitTextRecognitionCommon
    - MLKitVision
    - MLKitVisionKit
    - nanopb
    - PromisesObjC
    - YandexMobileAds

EXTERNAL SOURCES:
  Flutter:
    :path: Flutter
  google_mlkit_commons:
    :path: ".symlinks/plugins/google_mlkit_commons/ios"
  google_mlkit_image_labeling:
    :path: ".symlinks/plugins/google_mlkit_image_labeling/ios"
  google_mlkit_text_recognition:
    :path: ".symlinks/plugins/google_mlkit_text_recognition/ios"
  image_picker_ios:
    :path: ".symlinks/plugins/image_picker_ios/ios"
  path_provider_foundation:
    :path: ".symlinks/plugins/path_provider_foundation/darwin"
  yandex_mobileads:
    :path: ".symlinks/plugins/yandex_mobileads/ios"

SPEC CHECKSUMS:
  AppMetricaAdSupport: beb8dd64e5db5e4788fe6794073368c790a621db
  AppMetricaCore: f8b3e3a07ba914f59bbf2cf25a3c9fec2985f760
  AppMetricaCoreExtension: fab23a0c60accbe4ada9bf0486887e7c0b75413d
  AppMetricaCoreUtils: 75b2d65adce3d683a8c2ffc466350c65245c554c
  AppMetricaCrashes: 67ebcb1211793aaa7505d4f3b76a3d5b6f132561
  AppMetricaEncodingUtils: 1c153871bc8630ebdd5187836c454586f59e6aff
  AppMetricaFMDB: b92ee8e7123ceed06816e2ce04d53bb19e5d4ca7
  AppMetricaHostState: 28923fa08a81559a05e96b030432bf7c5c44ee07
  AppMetricaIdentifiers: d38fcab5527d77e25e68e57ef7b2ff2c127a1388
  AppMetricaIDSync: 914faac336c80887326e16bb8f76d7021ad4fd4d
  AppMetricaKeychain: 2b2451a770d81ac7ab3fec6d4593c7c647bc4540
  AppMetricaLibraryAdapter: fe2de7475430266f070c44c383c565c019ec66a5
  AppMetricaLog: 51fe45499bec2fef25c902b6181db18e93924fc0
  AppMetricaLogSwift: 27755e24d05642eb2d28aa5f868a5c973c50447a
  AppMetricaNetwork: 57b04561564d361fdc868f10dc09db9286104654
  AppMetricaPlatform: aac9738828d284b5aea5c6db660450ce749338be
  AppMetricaProtobuf: da3ce48a6bcc06b075e03cdc68d091b9490e4736
  AppMetricaProtobufUtils: b94718aed0bf9f4f7eac7660f1acf9d5d6a85484
  AppMetricaStorageUtils: e3f938688b7de0ba5720ef6be71af1a8a0de2513
  AppMetricaSynchronization: 7db1bf4019aa90790be1173d7862439728434540
  Flutter: cabc95a1d2626b1b06e7179b784ebcf0c0cde467
  google_mlkit_commons: b4dfe2f6ae4cbf24010dc6640a28984d01343c86
  google_mlkit_image_labeling: 16690f4e44478c86a2864b5072483e4c5d0cc95c
  google_mlkit_text_recognition: 9b164471713e3afdb4c129cabe6d1d64fef7e817
  GoogleDataTransport: aae35b7ea0c09004c3797d53c8c41f66f219d6a7
  GoogleMLKit: b1eee21a41c57704fe72483b15c85cb2c0cd7444
  GoogleToolboxForMac: d1a2cbf009c453f4d6ded37c105e2f67a32206d8
  GoogleUtilities: 00c88b9a86066ef77f0da2fab05f65d7768ed8e1
  GTMSessionFetcher: 5aea5ba6bd522a239e236100971f10cb71b96ab6
  image_picker_ios: e0ece4aa2a75771a7de3fa735d26d90817041326
  KSCrash: 8c4464fd5da7de520f2ce4a00fdf63f169a80f18
  MLImage: 0de5c6c2bf9e93b80ef752e2797f0836f03b58c0
  MLKitCommon: 47d47b50a031d00db62f1b0efe5a1d8b09a3b2e6
  MLKitImageLabeling: 739591b1b69ebab735e97fa1b4ce37cea8361bb7
  MLKitImageLabelingCommon: 616b0c69b3e302720cfb65903da50dc2e697b915
  MLKitImageLabelingCustom: 43cf5d49fb762adb93e3108cb55c81a8ec005d57
  MLKitObjectDetectionCommon: 0639341c7cbb44327dac9a23c473d2484d3169dd
  MLKitTextRecognition: c0ad24510481dfc8893ad15dfcb8a5f05ed9e826
  MLKitTextRecognitionCommon: 234ceb1cfdfb5fceb4fd664943046609a2961cc2
  MLKitVision: 39a5a812db83c4a0794445088e567f3631c11961
  MLKitVisionKit: 316cd349468797ef4e7fd785bf658ca838984de3
  nanopb: fad817b59e0457d11a5dfbde799381cd727c1275
  path_provider_foundation: bb55f6dbba17d0dccd6737fe6f7f34fbd0376880
  PromisesObjC: f5707f49cb48b9636751c5b2e7d227e43fba9f47
  yandex_mobileads: d214b53707a21303dd087da9231ee321b1d1050f
  YandexMobileAds: 4b5fadf77c7a0d4d7a0790d5e0bc876927a67dd6

PODFILE CHECKSUM: 6573351029af2634970431c430440073dbee62e3

COCOAPODS: 1.16.2
